{
  "requires": true,
  "lockfileVersion": 1,
  "dependencies": {
    "serverless-plugin-additional-stacks": {
      "version": "1.2.0",
      "resolved": "https://registry.npmjs.org/serverless-plugin-additional-stacks/-/serverless-plugin-additional-stacks-1.2.0.tgz",
      "integrity": "sha512-q3JAfbUkXB/KKa6QHvI0d8oJHwjMfBE6RyxwXE72tOQjXyCNCuPSO7+TIXSEXfenF+89fmR9Z/pQD8NVld2Esg=="
    }
  }
}
